
Microsoft Visual Studio Solution File, Format Version 12.00
# Visual Studio Version 16
VisualStudioVersion = 16.0.30804.86
MinimumVisualStudioVersion = 10.0.40219.1
Project("{FAE04EC0-301F-11D3-BF4B-00C04F79EFBC}") = "PetShop", "PetShop\PetShop.csproj", "{CBF79AB0-C30F-435F-8C6F-2655B1A4923E}"
EndProject
Project("{FAE04EC0-301F-11D3-BF4B-00C04F79EFBC}") = "BLL", "BLL\BLL.csproj", "{D87274DA-0712-41FF-BC4E-6F447FDFC981}"
EndProject
Project("{FAE04EC0-301F-11D3-BF4B-00C04F79EFBC}") = "DAL", "DAL\DAL.csproj", "{C52BB3DD-5FBE-486F-BF41-B4E7DE56EF4C}"
EndProject
Global
	GlobalSection(SolutionConfigurationPlatforms) = preSolution
		Debug|Any CPU = Debug|Any CPU
		Release|Any CPU = Release|Any CPU
	EndGlobalSection
	GlobalSection(ProjectConfigurationPlatforms) = postSolution
		{CBF79AB0-C30F-435F-8C6F-2655B1A4923E}.Debug|Any CPU.ActiveCfg = Debug|Any CPU
		{CBF79AB0-C30F-435F-8C6F-2655B1A4923E}.Debug|Any CPU.Build.0 = Debug|Any CPU
		{CBF79AB0-C30F-435F-8C6F-2655B1A4923E}.Release|Any CPU.ActiveCfg = Release|Any CPU
		{CBF79AB0-C30F-435F-8C6F-2655B1A4923E}.Release|Any CPU.Build.0 = Release|Any CPU
		{D87274DA-0712-41FF-BC4E-6F447FDFC981}.Debug|Any CPU.ActiveCfg = Debug|Any CPU
		{D87274DA-0712-41FF-BC4E-6F447FDFC981}.Debug|Any CPU.Build.0 = Debug|Any CPU
		{D87274DA-0712-41FF-BC4E-6F447FDFC981}.Release|Any CPU.ActiveCfg = Release|Any CPU
		{D87274DA-0712-41FF-BC4E-6F447FDFC981}.Release|Any CPU.Build.0 = Release|Any CPU
		{C52BB3DD-5FBE-486F-BF41-B4E7DE56EF4C}.Debug|Any CPU.ActiveCfg = Debug|Any CPU
		{C52BB3DD-5FBE-486F-BF41-B4E7DE56EF4C}.Debug|Any CPU.Build.0 = Debug|Any CPU
		{C52BB3DD-5FBE-486F-BF41-B4E7DE56EF4C}.Release|Any CPU.ActiveCfg = Release|Any CPU
		{C52BB3DD-5FBE-486F-BF41-B4E7DE56EF4C}.Release|Any CPU.Build.0 = Release|Any CPU
	EndGlobalSection
	GlobalSection(SolutionProperties) = preSolution
		HideSolutionNode = FALSE
	EndGlobalSection
	GlobalSection(ExtensibilityGlobals) = postSolution
		SolutionGuid = {8677D56E-1F0E-4480-912E-5AB98715848D}
	EndGlobalSection
EndGlobal
